
Microsoft Visual Studio Solution File, Format Version 12.00
# Visual Studio Version 17
VisualStudioVersion = 17.0.31919.166
MinimumVisualStudioVersion = 10.0.40219.1
Project("{FAE04EC0-301F-11D3-BF4B-00C04F79EFBC}") = "App-2", "App-2.csproj", "{34CA28B6-D602-4C5F-AB23-7401B793DF0B}"
EndProject
Global
	GlobalSection(SolutionConfigurationPlatforms) = preSolution
		Debug|Any CPU = Debug|Any CPU
		Release|Any CPU = Release|Any CPU
	EndGlobalSection
	GlobalSection(ProjectConfigurationPlatforms) = postSolution
		{34CA28B6-D602-4C5F-AB23-7401B793DF0B}.Debug|Any CPU.ActiveCfg = Debug|Any CPU
		{34CA28B6-D602-4C5F-AB23-7401B793DF0B}.Debug|Any CPU.Build.0 = Debug|Any CPU
		{34CA28B6-D602-4C5F-AB23-7401B793DF0B}.Release|Any CPU.ActiveCfg = Release|Any CPU
		{34CA28B6-D602-4C5F-AB23-7401B793DF0B}.Release|Any CPU.Build.0 = Release|Any CPU
	EndGlobalSection
	GlobalSection(SolutionProperties) = preSolution
		HideSolutionNode = FALSE
	EndGlobalSection
	GlobalSection(ExtensibilityGlobals) = postSolution
		SolutionGuid = {2FDBFD8A-75F9-4AFA-8F81-9124D45F75FD}
	EndGlobalSection
EndGlobal
